
Microsoft Visual Studio Solution File, Format Version 12.00
# Visual Studio Version 16
VisualStudioVersion = 16.0.30711.63
MinimumVisualStudioVersion = 10.0.40219.1
Project("{FAE04EC0-301F-11D3-BF4B-00C04F79EFBC}") = "First_Projects", "First_Projects\First_Projects.csproj", "{3AECE63E-F013-44B6-9E2F-47649C6180CC}"
EndProject
Global
	GlobalSection(SolutionConfigurationPlatforms) = preSolution
		Debug|Any CPU = Debug|Any CPU
		Release|Any CPU = Release|Any CPU
	EndGlobalSection
	GlobalSection(ProjectConfigurationPlatforms) = postSolution
		{3AECE63E-F013-44B6-9E2F-47649C6180CC}.Debug|Any CPU.ActiveCfg = Debug|Any CPU
		{3AECE63E-F013-44B6-9E2F-47649C6180CC}.Debug|Any CPU.Build.0 = Debug|Any CPU
		{3AECE63E-F013-44B6-9E2F-47649C6180CC}.Release|Any CPU.ActiveCfg = Release|Any CPU
		{3AECE63E-F013-44B6-9E2F-47649C6180CC}.Release|Any CPU.Build.0 = Release|Any CPU
	EndGlobalSection
	GlobalSection(SolutionProperties) = preSolution
		HideSolutionNode = FALSE
	EndGlobalSection
	GlobalSection(ExtensibilityGlobals) = postSolution
		SolutionGuid = {E45E1779-9609-4A5D-B08B-EDDE1CE65F9B}
	EndGlobalSection
EndGlobal
